
Microsoft Visual Studio Solution File, Format Version 12.00
# Visual Studio 15
VisualStudioVersion = 15.0.26430.16
MinimumVisualStudioVersion = 10.0.40219.1
Project("{FAE04EC0-301F-11D3-BF4B-00C04F79EFBC}") = "OITReporting.Web", "OITReporting.Web\OITReporting.Web.csproj", "{EECDF2C6-C885-4790-90FB-844113A8F038}"
EndProject
Project("{FAE04EC0-301F-11D3-BF4B-00C04F79EFBC}") = "OITReporting.Common", "OITReporting.Common\OITReporting.Common.csproj", "{0EB7A379-A740-49E7-AC14-88B27FA488A9}"
EndProject
Project("{FAE04EC0-301F-11D3-BF4B-00C04F79EFBC}") = "OITReporting.Manager", "OITReporting.Manager\OITReporting.Manager.csproj", "{1B8429A4-F42A-4627-8CD7-8D3C7151034E}"
EndProject
Global
	GlobalSection(SolutionConfigurationPlatforms) = preSolution
		Debug|Any CPU = Debug|Any CPU
		Release|Any CPU = Release|Any CPU
	EndGlobalSection
	GlobalSection(ProjectConfigurationPlatforms) = postSolution
		{EECDF2C6-C885-4790-90FB-844113A8F038}.Debug|Any CPU.ActiveCfg = Debug|Any CPU
		{EECDF2C6-C885-4790-90FB-844113A8F038}.Debug|Any CPU.Build.0 = Debug|Any CPU
		{EECDF2C6-C885-4790-90FB-844113A8F038}.Release|Any CPU.ActiveCfg = Release|Any CPU
		{EECDF2C6-C885-4790-90FB-844113A8F038}.Release|Any CPU.Build.0 = Release|Any CPU
		{0EB7A379-A740-49E7-AC14-88B27FA488A9}.Debug|Any CPU.ActiveCfg = Debug|Any CPU
		{0EB7A379-A740-49E7-AC14-88B27FA488A9}.Debug|Any CPU.Build.0 = Debug|Any CPU
		{0EB7A379-A740-49E7-AC14-88B27FA488A9}.Release|Any CPU.ActiveCfg = Release|Any CPU
		{0EB7A379-A740-49E7-AC14-88B27FA488A9}.Release|Any CPU.Build.0 = Release|Any CPU
		{1B8429A4-F42A-4627-8CD7-8D3C7151034E}.Debug|Any CPU.ActiveCfg = Debug|Any CPU
		{1B8429A4-F42A-4627-8CD7-8D3C7151034E}.Debug|Any CPU.Build.0 = Debug|Any CPU
		{1B8429A4-F42A-4627-8CD7-8D3C7151034E}.Release|Any CPU.ActiveCfg = Release|Any CPU
		{1B8429A4-F42A-4627-8CD7-8D3C7151034E}.Release|Any CPU.Build.0 = Release|Any CPU
	EndGlobalSection
	GlobalSection(SolutionProperties) = preSolution
		HideSolutionNode = FALSE
	EndGlobalSection
EndGlobal
